
Microsoft Visual Studio Solution File, Format Version 12.00
# Visual Studio Version 17
VisualStudioVersion = 17.3.32611.2
MinimumVisualStudioVersion = 10.0.40219.1
Project("{FAE04EC0-301F-11D3-BF4B-00C04F79EFBC}") = "Mandelbrot", "Mandelbrot\Mandelbrot.csproj", "{97C81982-6F31-478D-8E8A-1C679196F058}"
EndProject
Global
	GlobalSection(SolutionConfigurationPlatforms) = preSolution
		Debug|Any CPU = Debug|Any CPU
		Release|Any CPU = Release|Any CPU
	EndGlobalSection
	GlobalSection(ProjectConfigurationPlatforms) = postSolution
		{97C81982-6F31-478D-8E8A-1C679196F058}.Debug|Any CPU.ActiveCfg = Debug|Any CPU
		{97C81982-6F31-478D-8E8A-1C679196F058}.Debug|Any CPU.Build.0 = Debug|Any CPU
		{97C81982-6F31-478D-8E8A-1C679196F058}.Release|Any CPU.ActiveCfg = Release|Any CPU
		{97C81982-6F31-478D-8E8A-1C679196F058}.Release|Any CPU.Build.0 = Release|Any CPU
	EndGlobalSection
	GlobalSection(SolutionProperties) = preSolution
		HideSolutionNode = FALSE
	EndGlobalSection
	GlobalSection(ExtensibilityGlobals) = postSolution
		SolutionGuid = {B3C3C47F-5BB3-446D-A8A4-0EE48B1E2B36}
	EndGlobalSection
EndGlobal
